{
  "name": "iamport-ionic4-kcp",
  "version": "0.0.1",
  "lockfileVersion": 1,
  "requires": true,
  "dependencies": {
    "@ionic-native/core": {
      "version": "5.6.1",
      "resolved": "https://registry.npmjs.org/@ionic-native/core/-/core-5.6.1.tgz",
      "integrity": "sha512-5y/+lrs5qkxs6Ofu6a4byRE5712I/B5KxBtFdd9qARJ6rjKYen4xLO60b349VjvbjocAleMg6Oe/sf4s3uI4Lw==",
      "requires": {
        "@types/cordova": "^0.0.34"
      }
    },
    "@ionic-native/in-app-browser": {
      "version": "5.6.1",
      "resolved": "https://registry.npmjs.org/@ionic-native/in-app-browser/-/in-app-browser-5.6.1.tgz",
      "integrity": "sha512-G7V+MSQsavmb2JB25bGzPkE34nrHMifNL2O7DtSlI/QIpY0ZGcFu4duGA50nDa1a4tqX3OdOL9hQwnXb0/i6Bg==",
      "requires": {
        "@types/cordova": "^0.0.34"
      }
    },
    "@ionic/angular": {
      "version": "4.4.2",
      "resolved": "https://registry.npmjs.org/@ionic/angular/-/angular-4.4.2.tgz",
      "integrity": "sha512-ihjhvPFXqDS3HURvAfSH5vMlCersP08pnxfek36IOKX1sYOYq6VI/2miTv+jr7GuIZlmyZan0PibiRZPg7DIqA==",
      "requires": {
        "@ionic/core": "4.4.2",
        "tslib": "^1.9.3"
      }
    },
    "@ionic/core": {
      "version": "4.4.2",
      "resolved": "https://registry.npmjs.org/@ionic/core/-/core-4.4.2.tgz",
      "integrity": "sha512-B6cA8Nz29hB+FxRHZ78em1Zlo2r1NqTl6HfiIA8lQtfI9tj4VQe7R1mF/Qb9jaati1U2k4eaHbxiwJ50Hez/4w==",
      "requires": {
        "ionicons": "4.5.8"
      }
    },
    "@types/cordova": {
      "version": "0.0.34",
      "resolved": "https://registry.npmjs.org/@types/cordova/-/cordova-0.0.34.tgz",
      "integrity": "sha1-6nrd907Ow9dimCegw54smt3HPQQ="
    },
    "ionicons": {
      "version": "4.5.8",
      "resolved": "https://registry.npmjs.org/ionicons/-/ionicons-4.5.8.tgz",
      "integrity": "sha512-Zib/fFGHt+r9tWrvZnrxVj22cO4NVj+ZOb76v5yiOyvb0LSTbbReECDg7lEU8e+YR69qCtWHruStJ+b4G/OWxg=="
    },
    "tslib": {
      "version": "1.9.3",
      "resolved": "https://registry.npmjs.org/tslib/-/tslib-1.9.3.tgz",
      "integrity": "sha512-4krF8scpejhaOgqzBEcGM7yDIEfi0/8+8zDRZhNZZ2kjmHJ4hv3zCbQWxoJGz1iw5U0Jl0nma13xzHXcncMavQ=="
    }
  }
}
